
Microsoft Visual Studio Solution File, Format Version 12.00
# Visual Studio 14
VisualStudioVersion = 14.0.25420.1
MinimumVisualStudioVersion = 10.0.40219.1
Project("{FAE04EC0-301F-11D3-BF4B-00C04F79EFBC}") = "Shinetechchina.Employee.Web", "Shinetechchina.Employee.Web\Shinetechchina.Employee.Web.csproj", "{C97DA497-D77D-4C3C-8EDF-F82458917A4D}"
EndProject
Project("{FAE04EC0-301F-11D3-BF4B-00C04F79EFBC}") = "Shinetechchina.Employee.Web.Tests", "Shinetechchina.Employee.Web.Tests\Shinetechchina.Employee.Web.Tests.csproj", "{432BDBBE-2DE6-47D0-89AA-C222D51F0CA3}"
EndProject
Project("{00D1A9C2-B5F0-4AF3-8072-F6C62B433612}") = "Shinetechchina.Employee.Database", "Shinetechchina.Employee.Database\Shinetechchina.Employee.Database.sqlproj", "{58947707-C92B-4409-AD53-887ECF6BC7A8}"
EndProject
Project("{FAE04EC0-301F-11D3-BF4B-00C04F79EFBC}") = "Shinetechchina.Employee.Repository.Core", "Shinetechchina.Employee.Repository.Core\Shinetechchina.Employee.Repository.Core.csproj", "{8AF82A8A-12B2-4B17-A85B-7DD3690289AB}"
EndProject
Project("{FAE04EC0-301F-11D3-BF4B-00C04F79EFBC}") = "Shinetechchina.Employee.Repository.Shared", "Shinetechchina.Employee.Repository.Shared\Shinetechchina.Employee.Repository.Shared.csproj", "{888AC7DB-9943-4CCF-ADB9-2B11DBDE5DEC}"
EndProject
Project("{FAE04EC0-301F-11D3-BF4B-00C04F79EFBC}") = "Shinetechchina.Employee.Business.Core", "Shinetechchina.Employee.Business.Core\Shinetechchina.Employee.Business.Core.csproj", "{266F2ABC-AF75-4585-89A7-A976A04EDCB4}"
EndProject
Project("{FAE04EC0-301F-11D3-BF4B-00C04F79EFBC}") = "Shinetechchina.Employee.Business.Shared", "Shinetechchina.Employee.Business.Shared\Shinetechchina.Employee.Business.Shared.csproj", "{EDE87ED8-2FE7-41E2-82AB-3F1A2D59616D}"
EndProject
Project("{FAE04EC0-301F-11D3-BF4B-00C04F79EFBC}") = "Shinetechchina.Employee.Core", "Shinetechchina.Employee.Core\Shinetechchina.Employee.Core.csproj", "{8D085671-1D7F-465D-AF4F-275068A2A86F}"
EndProject
Global
	GlobalSection(SolutionConfigurationPlatforms) = preSolution
		Debug|Any CPU = Debug|Any CPU
		Release|Any CPU = Release|Any CPU
	EndGlobalSection
	GlobalSection(ProjectConfigurationPlatforms) = postSolution
		{C97DA497-D77D-4C3C-8EDF-F82458917A4D}.Debug|Any CPU.ActiveCfg = Debug|Any CPU
		{C97DA497-D77D-4C3C-8EDF-F82458917A4D}.Debug|Any CPU.Build.0 = Debug|Any CPU
		{C97DA497-D77D-4C3C-8EDF-F82458917A4D}.Release|Any CPU.ActiveCfg = Release|Any CPU
		{C97DA497-D77D-4C3C-8EDF-F82458917A4D}.Release|Any CPU.Build.0 = Release|Any CPU
		{432BDBBE-2DE6-47D0-89AA-C222D51F0CA3}.Debug|Any CPU.ActiveCfg = Debug|Any CPU
		{432BDBBE-2DE6-47D0-89AA-C222D51F0CA3}.Debug|Any CPU.Build.0 = Debug|Any CPU
		{432BDBBE-2DE6-47D0-89AA-C222D51F0CA3}.Release|Any CPU.ActiveCfg = Release|Any CPU
		{432BDBBE-2DE6-47D0-89AA-C222D51F0CA3}.Release|Any CPU.Build.0 = Release|Any CPU
		{58947707-C92B-4409-AD53-887ECF6BC7A8}.Debug|Any CPU.ActiveCfg = Debug|Any CPU
		{58947707-C92B-4409-AD53-887ECF6BC7A8}.Debug|Any CPU.Build.0 = Debug|Any CPU
		{58947707-C92B-4409-AD53-887ECF6BC7A8}.Debug|Any CPU.Deploy.0 = Debug|Any CPU
		{58947707-C92B-4409-AD53-887ECF6BC7A8}.Release|Any CPU.ActiveCfg = Release|Any CPU
		{58947707-C92B-4409-AD53-887ECF6BC7A8}.Release|Any CPU.Build.0 = Release|Any CPU
		{58947707-C92B-4409-AD53-887ECF6BC7A8}.Release|Any CPU.Deploy.0 = Release|Any CPU
		{8AF82A8A-12B2-4B17-A85B-7DD3690289AB}.Debug|Any CPU.ActiveCfg = Debug|Any CPU
		{8AF82A8A-12B2-4B17-A85B-7DD3690289AB}.Debug|Any CPU.Build.0 = Debug|Any CPU
		{8AF82A8A-12B2-4B17-A85B-7DD3690289AB}.Release|Any CPU.ActiveCfg = Release|Any CPU
		{8AF82A8A-12B2-4B17-A85B-7DD3690289AB}.Release|Any CPU.Build.0 = Release|Any CPU
		{888AC7DB-9943-4CCF-ADB9-2B11DBDE5DEC}.Debug|Any CPU.ActiveCfg = Debug|Any CPU
		{888AC7DB-9943-4CCF-ADB9-2B11DBDE5DEC}.Debug|Any CPU.Build.0 = Debug|Any CPU
		{888AC7DB-9943-4CCF-ADB9-2B11DBDE5DEC}.Release|Any CPU.ActiveCfg = Release|Any CPU
		{888AC7DB-9943-4CCF-ADB9-2B11DBDE5DEC}.Release|Any CPU.Build.0 = Release|Any CPU
		{266F2ABC-AF75-4585-89A7-A976A04EDCB4}.Debug|Any CPU.ActiveCfg = Debug|Any CPU
		{266F2ABC-AF75-4585-89A7-A976A04EDCB4}.Debug|Any CPU.Build.0 = Debug|Any CPU
		{266F2ABC-AF75-4585-89A7-A976A04EDCB4}.Release|Any CPU.ActiveCfg = Release|Any CPU
		{266F2ABC-AF75-4585-89A7-A976A04EDCB4}.Release|Any CPU.Build.0 = Release|Any CPU
		{EDE87ED8-2FE7-41E2-82AB-3F1A2D59616D}.Debug|Any CPU.ActiveCfg = Debug|Any CPU
		{EDE87ED8-2FE7-41E2-82AB-3F1A2D59616D}.Debug|Any CPU.Build.0 = Debug|Any CPU
		{EDE87ED8-2FE7-41E2-82AB-3F1A2D59616D}.Release|Any CPU.ActiveCfg = Release|Any CPU
		{EDE87ED8-2FE7-41E2-82AB-3F1A2D59616D}.Release|Any CPU.Build.0 = Release|Any CPU
		{8D085671-1D7F-465D-AF4F-275068A2A86F}.Debug|Any CPU.ActiveCfg = Debug|Any CPU
		{8D085671-1D7F-465D-AF4F-275068A2A86F}.Debug|Any CPU.Build.0 = Debug|Any CPU
		{8D085671-1D7F-465D-AF4F-275068A2A86F}.Release|Any CPU.ActiveCfg = Release|Any CPU
		{8D085671-1D7F-465D-AF4F-275068A2A86F}.Release|Any CPU.Build.0 = Release|Any CPU
	EndGlobalSection
	GlobalSection(SolutionProperties) = preSolution
		HideSolutionNode = FALSE
	EndGlobalSection
EndGlobal
